
Microsoft Visual Studio Solution File, Format Version 12.00
# Visual Studio Version 17
VisualStudioVersion = 17.4.33110.190
MinimumVisualStudioVersion = 10.0.40219.1
Project("{9A19103F-16F7-4668-BE54-9A1E7A4F7556}") = "Day01", "Day01\Day01.csproj", "{7A85617E-B997-458B-A0CD-4E5687532AE5}"
EndProject
Project("{9A19103F-16F7-4668-BE54-9A1E7A4F7556}") = "Day02", "Day02\Day02.csproj", "{5419BA15-D399-4EFE-9192-AB1DF567FD5B}"
EndProject
Project("{9A19103F-16F7-4668-BE54-9A1E7A4F7556}") = "Day03", "Day03\Day03.csproj", "{94F49AD4-C9D9-4822-A263-23678FC62447}"
EndProject
Project("{9A19103F-16F7-4668-BE54-9A1E7A4F7556}") = "Day04", "Day04\Day04.csproj", "{DF1B916B-F9FF-4737-B2E8-8C1157BE6645}"
EndProject
Project("{9A19103F-16F7-4668-BE54-9A1E7A4F7556}") = "Day05", "Day05\Day05.csproj", "{9028E474-2033-4FBF-A80D-1DF7CA776337}"
EndProject
Project("{9A19103F-16F7-4668-BE54-9A1E7A4F7556}") = "Day06", "Day06\Day06.csproj", "{9593D3B6-6D08-4C91-9A07-B212903511B2}"
EndProject
Project("{9A19103F-16F7-4668-BE54-9A1E7A4F7556}") = "Day07", "Day07\Day07.csproj", "{8DAF9E4F-2197-482D-84F4-A3E4FCFA2306}"
EndProject
Project("{9A19103F-16F7-4668-BE54-9A1E7A4F7556}") = "Day08", "Day08\Day08.csproj", "{B39E4636-CAEE-471D-9CB8-856CB206A4EC}"
EndProject
Project("{9A19103F-16F7-4668-BE54-9A1E7A4F7556}") = "Day09", "Day09\Day09.csproj", "{D84F6DDE-B328-4803-9B01-E9C248352173}"
EndProject
Project("{9A19103F-16F7-4668-BE54-9A1E7A4F7556}") = "Day10", "Day10\Day10.csproj", "{29BB3F86-126E-4B42-B9B6-1BD3ED75D408}"
EndProject
Project("{9A19103F-16F7-4668-BE54-9A1E7A4F7556}") = "Day11", "Day11\Day11.csproj", "{AF00F756-FE9C-493C-ADFC-6B7A1CD48018}"
EndProject
Project("{9A19103F-16F7-4668-BE54-9A1E7A4F7556}") = "Day12", "Day12\Day12.csproj", "{10C30863-0F1F-4F8A-924F-FC5FD93921EA}"
EndProject
Project("{9A19103F-16F7-4668-BE54-9A1E7A4F7556}") = "Day13", "Day13\Day13.csproj", "{1219FF5B-E663-4A8E-A061-D8718A073DF0}"
EndProject
Project("{9A19103F-16F7-4668-BE54-9A1E7A4F7556}") = "Day14", "Day14\Day14.csproj", "{121C5FBB-E5E1-4DB7-BC06-37A84C2A6450}"
EndProject
Project("{9A19103F-16F7-4668-BE54-9A1E7A4F7556}") = "Day15", "Day15\Day15.csproj", "{0761BAFD-1885-44D1-A079-A985EE359733}"
EndProject
Project("{9A19103F-16F7-4668-BE54-9A1E7A4F7556}") = "Day16", "Day16\Day16.csproj", "{425F66F8-C8C3-45FF-A126-9339709C8092}"
EndProject
Project("{9A19103F-16F7-4668-BE54-9A1E7A4F7556}") = "Day17", "Day17\Day17.csproj", "{08224C4A-8EDB-4A97-A571-5AB262EBF7A4}"
EndProject
Project("{9A19103F-16F7-4668-BE54-9A1E7A4F7556}") = "Day18", "Day18\Day18.csproj", "{B782EE4D-AFA5-4634-8891-8C01941B3C93}"
EndProject
Project("{9A19103F-16F7-4668-BE54-9A1E7A4F7556}") = "Day19", "Day19\Day19.csproj", "{B66F0A0D-AB75-4550-A347-47F5046300DB}"
EndProject
Project("{9A19103F-16F7-4668-BE54-9A1E7A4F7556}") = "Day20", "Day20\Day20.csproj", "{5699A16F-5145-43C2-9E22-C85888F2E3D8}"
EndProject
Project("{9A19103F-16F7-4668-BE54-9A1E7A4F7556}") = "Day21", "Day21\Day21.csproj", "{62967B00-9F3B-4791-9837-545FD5E2CF19}"
EndProject
Project("{9A19103F-16F7-4668-BE54-9A1E7A4F7556}") = "Day22", "Day22\Day22.csproj", "{2A123753-30A2-493E-B902-F0278EC946AC}"
EndProject
Project("{9A19103F-16F7-4668-BE54-9A1E7A4F7556}") = "Day23", "Day23\Day23.csproj", "{5940848C-910D-43A2-BEC6-8B6FC2F1154F}"
EndProject
Project("{9A19103F-16F7-4668-BE54-9A1E7A4F7556}") = "Day24", "Day24\Day24.csproj", "{8104D79E-95DE-4694-9A65-6BD5442E3FD7}"
EndProject
Project("{FAE04EC0-301F-11D3-BF4B-00C04F79EFBC}") = "Day25", "Day25\Day25.csproj", "{ABCC6B30-98DD-4A11-8F17-38005042070C}"
EndProject
Global
	GlobalSection(SolutionConfigurationPlatforms) = preSolution
		Debug|Any CPU = Debug|Any CPU
		Release|Any CPU = Release|Any CPU
	EndGlobalSection
	GlobalSection(ProjectConfigurationPlatforms) = postSolution
		{7A85617E-B997-458B-A0CD-4E5687532AE5}.Debug|Any CPU.ActiveCfg = Debug|Any CPU
		{7A85617E-B997-458B-A0CD-4E5687532AE5}.Debug|Any CPU.Build.0 = Debug|Any CPU
		{7A85617E-B997-458B-A0CD-4E5687532AE5}.Release|Any CPU.ActiveCfg = Release|Any CPU
		{7A85617E-B997-458B-A0CD-4E5687532AE5}.Release|Any CPU.Build.0 = Release|Any CPU
		{5419BA15-D399-4EFE-9192-AB1DF567FD5B}.Debug|Any CPU.ActiveCfg = Debug|Any CPU
		{5419BA15-D399-4EFE-9192-AB1DF567FD5B}.Debug|Any CPU.Build.0 = Debug|Any CPU
		{5419BA15-D399-4EFE-9192-AB1DF567FD5B}.Release|Any CPU.ActiveCfg = Release|Any CPU
		{5419BA15-D399-4EFE-9192-AB1DF567FD5B}.Release|Any CPU.Build.0 = Release|Any CPU
		{94F49AD4-C9D9-4822-A263-23678FC62447}.Debug|Any CPU.ActiveCfg = Debug|Any CPU
		{94F49AD4-C9D9-4822-A263-23678FC62447}.Debug|Any CPU.Build.0 = Debug|Any CPU
		{94F49AD4-C9D9-4822-A263-23678FC62447}.Release|Any CPU.ActiveCfg = Release|Any CPU
		{94F49AD4-C9D9-4822-A263-23678FC62447}.Release|Any CPU.Build.0 = Release|Any CPU
		{DF1B916B-F9FF-4737-B2E8-8C1157BE6645}.Debug|Any CPU.ActiveCfg = Debug|Any CPU
		{DF1B916B-F9FF-4737-B2E8-8C1157BE6645}.Debug|Any CPU.Build.0 = Debug|Any CPU
		{DF1B916B-F9FF-4737-B2E8-8C1157BE6645}.Release|Any CPU.ActiveCfg = Release|Any CPU
		{DF1B916B-F9FF-4737-B2E8-8C1157BE6645}.Release|Any CPU.Build.0 = Release|Any CPU
		{9028E474-2033-4FBF-A80D-1DF7CA776337}.Debug|Any CPU.ActiveCfg = Debug|Any CPU
		{9028E474-2033-4FBF-A80D-1DF7CA776337}.Debug|Any CPU.Build.0 = Debug|Any CPU
		{9028E474-2033-4FBF-A80D-1DF7CA776337}.Release|Any CPU.ActiveCfg = Release|Any CPU
		{9028E474-2033-4FBF-A80D-1DF7CA776337}.Release|Any CPU.Build.0 = Release|Any CPU
		{9593D3B6-6D08-4C91-9A07-B212903511B2}.Debug|Any CPU.ActiveCfg = Debug|Any CPU
		{9593D3B6-6D08-4C91-9A07-B212903511B2}.Debug|Any CPU.Build.0 = Debug|Any CPU
		{9593D3B6-6D08-4C91-9A07-B212903511B2}.Release|Any CPU.ActiveCfg = Release|Any CPU
		{9593D3B6-6D08-4C91-9A07-B212903511B2}.Release|Any CPU.Build.0 = Release|Any CPU
		{8DAF9E4F-2197-482D-84F4-A3E4FCFA2306}.Debug|Any CPU.ActiveCfg = Debug|Any CPU
		{8DAF9E4F-2197-482D-84F4-A3E4FCFA2306}.Debug|Any CPU.Build.0 = Debug|Any CPU
		{8DAF9E4F-2197-482D-84F4-A3E4FCFA2306}.Release|Any CPU.ActiveCfg = Release|Any CPU
		{8DAF9E4F-2197-482D-84F4-A3E4FCFA2306}.Release|Any CPU.Build.0 = Release|Any CPU
		{B39E4636-CAEE-471D-9CB8-856CB206A4EC}.Debug|Any CPU.ActiveCfg = Debug|Any CPU
		{B39E4636-CAEE-471D-9CB8-856CB206A4EC}.Debug|Any CPU.Build.0 = Debug|Any CPU
		{B39E4636-CAEE-471D-9CB8-856CB206A4EC}.Release|Any CPU.ActiveCfg = Release|Any CPU
		{B39E4636-CAEE-471D-9CB8-856CB206A4EC}.Release|Any CPU.Build.0 = Release|Any CPU
		{D84F6DDE-B328-4803-9B01-E9C248352173}.Debug|Any CPU.ActiveCfg = Debug|Any CPU
		{D84F6DDE-B328-4803-9B01-E9C248352173}.Debug|Any CPU.Build.0 = Debug|Any CPU
		{D84F6DDE-B328-4803-9B01-E9C248352173}.Release|Any CPU.ActiveCfg = Release|Any CPU
		{D84F6DDE-B328-4803-9B01-E9C248352173}.Release|Any CPU.Build.0 = Release|Any CPU
		{29BB3F86-126E-4B42-B9B6-1BD3ED75D408}.Debug|Any CPU.ActiveCfg = Debug|Any CPU
		{29BB3F86-126E-4B42-B9B6-1BD3ED75D408}.Debug|Any CPU.Build.0 = Debug|Any CPU
		{29BB3F86-126E-4B42-B9B6-1BD3ED75D408}.Release|Any CPU.ActiveCfg = Release|Any CPU
		{29BB3F86-126E-4B42-B9B6-1BD3ED75D408}.Release|Any CPU.Build.0 = Release|Any CPU
		{AF00F756-FE9C-493C-ADFC-6B7A1CD48018}.Debug|Any CPU.ActiveCfg = Debug|Any CPU
		{AF00F756-FE9C-493C-ADFC-6B7A1CD48018}.Debug|Any CPU.Build.0 = Debug|Any CPU
		{AF00F756-FE9C-493C-ADFC-6B7A1CD48018}.Release|Any CPU.ActiveCfg = Release|Any CPU
		{AF00F756-FE9C-493C-ADFC-6B7A1CD48018}.Release|Any CPU.Build.0 = Release|Any CPU
		{10C30863-0F1F-4F8A-924F-FC5FD93921EA}.Debug|Any CPU.ActiveCfg = Debug|Any CPU
		{10C30863-0F1F-4F8A-924F-FC5FD93921EA}.Debug|Any CPU.Build.0 = Debug|Any CPU
		{10C30863-0F1F-4F8A-924F-FC5FD93921EA}.Release|Any CPU.ActiveCfg = Release|Any CPU
		{10C30863-0F1F-4F8A-924F-FC5FD93921EA}.Release|Any CPU.Build.0 = Release|Any CPU
		{1219FF5B-E663-4A8E-A061-D8718A073DF0}.Debug|Any CPU.ActiveCfg = Debug|Any CPU
		{1219FF5B-E663-4A8E-A061-D8718A073DF0}.Debug|Any CPU.Build.0 = Debug|Any CPU
		{1219FF5B-E663-4A8E-A061-D8718A073DF0}.Release|Any CPU.ActiveCfg = Release|Any CPU
		{1219FF5B-E663-4A8E-A061-D8718A073DF0}.Release|Any CPU.Build.0 = Release|Any CPU
		{121C5FBB-E5E1-4DB7-BC06-37A84C2A6450}.Debug|Any CPU.ActiveCfg = Debug|Any CPU
		{121C5FBB-E5E1-4DB7-BC06-37A84C2A6450}.Debug|Any CPU.Build.0 = Debug|Any CPU
		{121C5FBB-E5E1-4DB7-BC06-37A84C2A6450}.Release|Any CPU.ActiveCfg = Release|Any CPU
		{121C5FBB-E5E1-4DB7-BC06-37A84C2A6450}.Release|Any CPU.Build.0 = Release|Any CPU
		{0761BAFD-1885-44D1-A079-A985EE359733}.Debug|Any CPU.ActiveCfg = Debug|Any CPU
		{0761BAFD-1885-44D1-A079-A985EE359733}.Debug|Any CPU.Build.0 = Debug|Any CPU
		{0761BAFD-1885-44D1-A079-A985EE359733}.Release|Any CPU.ActiveCfg = Release|Any CPU
		{0761BAFD-1885-44D1-A079-A985EE359733}.Release|Any CPU.Build.0 = Release|Any CPU
		{425F66F8-C8C3-45FF-A126-9339709C8092}.Debug|Any CPU.ActiveCfg = Debug|Any CPU
		{425F66F8-C8C3-45FF-A126-9339709C8092}.Debug|Any CPU.Build.0 = Debug|Any CPU
		{425F66F8-C8C3-45FF-A126-9339709C8092}.Release|Any CPU.ActiveCfg = Release|Any CPU
		{425F66F8-C8C3-45FF-A126-9339709C8092}.Release|Any CPU.Build.0 = Release|Any CPU
		{08224C4A-8EDB-4A97-A571-5AB262EBF7A4}.Debug|Any CPU.ActiveCfg = Debug|Any CPU
		{08224C4A-8EDB-4A97-A571-5AB262EBF7A4}.Debug|Any CPU.Build.0 = Debug|Any CPU
		{08224C4A-8EDB-4A97-A571-5AB262EBF7A4}.Release|Any CPU.ActiveCfg = Release|Any CPU
		{08224C4A-8EDB-4A97-A571-5AB262EBF7A4}.Release|Any CPU.Build.0 = Release|Any CPU
		{B782EE4D-AFA5-4634-8891-8C01941B3C93}.Debug|Any CPU.ActiveCfg = Debug|Any CPU
		{B782EE4D-AFA5-4634-8891-8C01941B3C93}.Debug|Any CPU.Build.0 = Debug|Any CPU
		{B782EE4D-AFA5-4634-8891-8C01941B3C93}.Release|Any CPU.ActiveCfg = Release|Any CPU
		{B782EE4D-AFA5-4634-8891-8C01941B3C93}.Release|Any CPU.Build.0 = Release|Any CPU
		{B66F0A0D-AB75-4550-A347-47F5046300DB}.Debug|Any CPU.ActiveCfg = Debug|Any CPU
		{B66F0A0D-AB75-4550-A347-47F5046300DB}.Debug|Any CPU.Build.0 = Debug|Any CPU
		{B66F0A0D-AB75-4550-A347-47F5046300DB}.Release|Any CPU.ActiveCfg = Release|Any CPU
		{B66F0A0D-AB75-4550-A347-47F5046300DB}.Release|Any CPU.Build.0 = Release|Any CPU
		{5699A16F-5145-43C2-9E22-C85888F2E3D8}.Debug|Any CPU.ActiveCfg = Debug|Any CPU
		{5699A16F-5145-43C2-9E22-C85888F2E3D8}.Debug|Any CPU.Build.0 = Debug|Any CPU
		{5699A16F-5145-43C2-9E22-C85888F2E3D8}.Release|Any CPU.ActiveCfg = Release|Any CPU
		{5699A16F-5145-43C2-9E22-C85888F2E3D8}.Release|Any CPU.Build.0 = Release|Any CPU
		{62967B00-9F3B-4791-9837-545FD5E2CF19}.Debug|Any CPU.ActiveCfg = Debug|Any CPU
		{62967B00-9F3B-4791-9837-545FD5E2CF19}.Debug|Any CPU.Build.0 = Debug|Any CPU
		{62967B00-9F3B-4791-9837-545FD5E2CF19}.Release|Any CPU.ActiveCfg = Release|Any CPU
		{62967B00-9F3B-4791-9837-545FD5E2CF19}.Release|Any CPU.Build.0 = Release|Any CPU
		{2A123753-30A2-493E-B902-F0278EC946AC}.Debug|Any CPU.ActiveCfg = Debug|Any CPU
		{2A123753-30A2-493E-B902-F0278EC946AC}.Debug|Any CPU.Build.0 = Debug|Any CPU
		{2A123753-30A2-493E-B902-F0278EC946AC}.Release|Any CPU.ActiveCfg = Release|Any CPU
		{2A123753-30A2-493E-B902-F0278EC946AC}.Release|Any CPU.Build.0 = Release|Any CPU
		{5940848C-910D-43A2-BEC6-8B6FC2F1154F}.Debug|Any CPU.ActiveCfg = Debug|Any CPU
		{5940848C-910D-43A2-BEC6-8B6FC2F1154F}.Debug|Any CPU.Build.0 = Debug|Any CPU
		{5940848C-910D-43A2-BEC6-8B6FC2F1154F}.Release|Any CPU.ActiveCfg = Release|Any CPU
		{5940848C-910D-43A2-BEC6-8B6FC2F1154F}.Release|Any CPU.Build.0 = Release|Any CPU
		{8104D79E-95DE-4694-9A65-6BD5442E3FD7}.Debug|Any CPU.ActiveCfg = Debug|Any CPU
		{8104D79E-95DE-4694-9A65-6BD5442E3FD7}.Debug|Any CPU.Build.0 = Debug|Any CPU
		{8104D79E-95DE-4694-9A65-6BD5442E3FD7}.Release|Any CPU.ActiveCfg = Release|Any CPU
		{8104D79E-95DE-4694-9A65-6BD5442E3FD7}.Release|Any CPU.Build.0 = Release|Any CPU
		{ABCC6B30-98DD-4A11-8F17-38005042070C}.Debug|Any CPU.ActiveCfg = Debug|Any CPU
		{ABCC6B30-98DD-4A11-8F17-38005042070C}.Debug|Any CPU.Build.0 = Debug|Any CPU
		{ABCC6B30-98DD-4A11-8F17-38005042070C}.Release|Any CPU.ActiveCfg = Release|Any CPU
		{ABCC6B30-98DD-4A11-8F17-38005042070C}.Release|Any CPU.Build.0 = Release|Any CPU
	EndGlobalSection
	GlobalSection(SolutionProperties) = preSolution
		HideSolutionNode = FALSE
	EndGlobalSection
	GlobalSection(ExtensibilityGlobals) = postSolution
		SolutionGuid = {513BAC68-6ACE-4000-AF2A-A6908DDF8754}
	EndGlobalSection
EndGlobal
