
Microsoft Visual Studio Solution File, Format Version 12.00
# Visual Studio Version 17
VisualStudioVersion = 17.4.33110.190
MinimumVisualStudioVersion = 10.0.40219.1
Project("{9A19103F-16F7-4668-BE54-9A1E7A4F7556}") = "Day01", "Day01\Day01.csproj", "{7A85617E-B997-458B-A0CD-4E5687532AE5}"
EndProject
Project("{9A19103F-16F7-4668-BE54-9A1E7A4F7556}") = "Day02", "Day02\Day02.csproj", "{5419BA15-D399-4EFE-9192-AB1DF567FD5B}"
EndProject
Project("{9A19103F-16F7-4668-BE54-9A1E7A4F7556}") = "Day03", "Day03\Day03.csproj", "{94F49AD4-C9D9-4822-A263-23678FC62447}"
EndProject
Project("{9A19103F-16F7-4668-BE54-9A1E7A4F7556}") = "Day04", "Day04\Day04.csproj", "{DF1B916B-F9FF-4737-B2E8-8C1157BE6645}"
EndProject
Project("{9A19103F-16F7-4668-BE54-9A1E7A4F7556}") = "Day05", "Day05\Day05.csproj", "{9028E474-2033-4FBF-A80D-1DF7CA776337}"
EndProject
Project("{9A19103F-16F7-4668-BE54-9A1E7A4F7556}") = "Day06", "Day06\Day06.csproj", "{9593D3B6-6D08-4C91-9A07-B212903511B2}"
EndProject
Project("{9A19103F-16F7-4668-BE54-9A1E7A4F7556}") = "Day07", "Day07\Day07.csproj", "{8DAF9E4F-2197-482D-84F4-A3E4FCFA2306}"
EndProject
Project("{9A19103F-16F7-4668-BE54-9A1E7A4F7556}") = "Day08", "Day08\Day08.csproj", "{B39E4636-CAEE-471D-9CB8-856CB206A4EC}"
EndProject
Project("{9A19103F-16F7-4668-BE54-9A1E7A4F7556}") = "Day09", "Day09\Day09.csproj", "{D84F6DDE-B328-4803-9B01-E9C248352173}"
EndProject
Project("{9A19103F-16F7-4668-BE54-9A1E7A4F7556}") = "Day10", "Day10\Day10.csproj", "{29BB3F86-126E-4B42-B9B6-1BD3ED75D408}"
EndProject
Project("{9A19103F-16F7-4668-BE54-9A1E7A4F7556}") = "Day11", "Day11\Day11.csproj", "{AF00F756-FE9C-493C-ADFC-6B7A1CD48018}"
EndProject
Project("{9A19103F-16F7-4668-BE54-9A1E7A4F7556}") = "Day12", "Day12\Day12.csproj", "{10C30863-0F1F-4F8A-924F-FC5FD93921EA}"
EndProject
Project("{9A19103F-16F7-4668-BE54-9A1E7A4F7556}") = "Day13", "Day13\Day13.csproj", "{1219FF5B-E663-4A8E-A061-D8718A073DF0}"
EndProject
Project("{FAE04EC0-301F-11D3-BF4B-00C04F79EFBC}") = "Day14", "Day14\Day14.csproj", "{121C5FBB-E5E1-4DB7-BC06-37A84C2A6450}"
EndProject
Global
	GlobalSection(SolutionConfigurationPlatforms) = preSolution
		Debug|Any CPU = Debug|Any CPU
		Release|Any CPU = Release|Any CPU
	EndGlobalSection
	GlobalSection(ProjectConfigurationPlatforms) = postSolution
		{7A85617E-B997-458B-A0CD-4E5687532AE5}.Debug|Any CPU.ActiveCfg = Debug|Any CPU
		{7A85617E-B997-458B-A0CD-4E5687532AE5}.Debug|Any CPU.Build.0 = Debug|Any CPU
		{7A85617E-B997-458B-A0CD-4E5687532AE5}.Release|Any CPU.ActiveCfg = Release|Any CPU
		{7A85617E-B997-458B-A0CD-4E5687532AE5}.Release|Any CPU.Build.0 = Release|Any CPU
		{5419BA15-D399-4EFE-9192-AB1DF567FD5B}.Debug|Any CPU.ActiveCfg = Debug|Any CPU
		{5419BA15-D399-4EFE-9192-AB1DF567FD5B}.Debug|Any CPU.Build.0 = Debug|Any CPU
		{5419BA15-D399-4EFE-9192-AB1DF567FD5B}.Release|Any CPU.ActiveCfg = Release|Any CPU
		{5419BA15-D399-4EFE-9192-AB1DF567FD5B}.Release|Any CPU.Build.0 = Release|Any CPU
		{94F49AD4-C9D9-4822-A263-23678FC62447}.Debug|Any CPU.ActiveCfg = Debug|Any CPU
		{94F49AD4-C9D9-4822-A263-23678FC62447}.Debug|Any CPU.Build.0 = Debug|Any CPU
		{94F49AD4-C9D9-4822-A263-23678FC62447}.Release|Any CPU.ActiveCfg = Release|Any CPU
		{94F49AD4-C9D9-4822-A263-23678FC62447}.Release|Any CPU.Build.0 = Release|Any CPU
		{DF1B916B-F9FF-4737-B2E8-8C1157BE6645}.Debug|Any CPU.ActiveCfg = Debug|Any CPU
		{DF1B916B-F9FF-4737-B2E8-8C1157BE6645}.Debug|Any CPU.Build.0 = Debug|Any CPU
		{DF1B916B-F9FF-4737-B2E8-8C1157BE6645}.Release|Any CPU.ActiveCfg = Release|Any CPU
		{DF1B916B-F9FF-4737-B2E8-8C1157BE6645}.Release|Any CPU.Build.0 = Release|Any CPU
		{9028E474-2033-4FBF-A80D-1DF7CA776337}.Debug|Any CPU.ActiveCfg = Debug|Any CPU
		{9028E474-2033-4FBF-A80D-1DF7CA776337}.Debug|Any CPU.Build.0 = Debug|Any CPU
		{9028E474-2033-4FBF-A80D-1DF7CA776337}.Release|Any CPU.ActiveCfg = Release|Any CPU
		{9028E474-2033-4FBF-A80D-1DF7CA776337}.Release|Any CPU.Build.0 = Release|Any CPU
		{9593D3B6-6D08-4C91-9A07-B212903511B2}.Debug|Any CPU.ActiveCfg = Debug|Any CPU
		{9593D3B6-6D08-4C91-9A07-B212903511B2}.Debug|Any CPU.Build.0 = Debug|Any CPU
		{9593D3B6-6D08-4C91-9A07-B212903511B2}.Release|Any CPU.ActiveCfg = Release|Any CPU
		{9593D3B6-6D08-4C91-9A07-B212903511B2}.Release|Any CPU.Build.0 = Release|Any CPU
		{8DAF9E4F-2197-482D-84F4-A3E4FCFA2306}.Debug|Any CPU.ActiveCfg = Debug|Any CPU
		{8DAF9E4F-2197-482D-84F4-A3E4FCFA2306}.Debug|Any CPU.Build.0 = Debug|Any CPU
		{8DAF9E4F-2197-482D-84F4-A3E4FCFA2306}.Release|Any CPU.ActiveCfg = Release|Any CPU
		{8DAF9E4F-2197-482D-84F4-A3E4FCFA2306}.Release|Any CPU.Build.0 = Release|Any CPU
		{B39E4636-CAEE-471D-9CB8-856CB206A4EC}.Debug|Any CPU.ActiveCfg = Debug|Any CPU
		{B39E4636-CAEE-471D-9CB8-856CB206A4EC}.Debug|Any CPU.Build.0 = Debug|Any CPU
		{B39E4636-CAEE-471D-9CB8-856CB206A4EC}.Release|Any CPU.ActiveCfg = Release|Any CPU
		{B39E4636-CAEE-471D-9CB8-856CB206A4EC}.Release|Any CPU.Build.0 = Release|Any CPU
		{D84F6DDE-B328-4803-9B01-E9C248352173}.Debug|Any CPU.ActiveCfg = Debug|Any CPU
		{D84F6DDE-B328-4803-9B01-E9C248352173}.Debug|Any CPU.Build.0 = Debug|Any CPU
		{D84F6DDE-B328-4803-9B01-E9C248352173}.Release|Any CPU.ActiveCfg = Release|Any CPU
		{D84F6DDE-B328-4803-9B01-E9C248352173}.Release|Any CPU.Build.0 = Release|Any CPU
		{29BB3F86-126E-4B42-B9B6-1BD3ED75D408}.Debug|Any CPU.ActiveCfg = Debug|Any CPU
		{29BB3F86-126E-4B42-B9B6-1BD3ED75D408}.Debug|Any CPU.Build.0 = Debug|Any CPU
		{29BB3F86-126E-4B42-B9B6-1BD3ED75D408}.Release|Any CPU.ActiveCfg = Release|Any CPU
		{29BB3F86-126E-4B42-B9B6-1BD3ED75D408}.Release|Any CPU.Build.0 = Release|Any CPU
		{AF00F756-FE9C-493C-ADFC-6B7A1CD48018}.Debug|Any CPU.ActiveCfg = Debug|Any CPU
		{AF00F756-FE9C-493C-ADFC-6B7A1CD48018}.Debug|Any CPU.Build.0 = Debug|Any CPU
		{AF00F756-FE9C-493C-ADFC-6B7A1CD48018}.Release|Any CPU.ActiveCfg = Release|Any CPU
		{AF00F756-FE9C-493C-ADFC-6B7A1CD48018}.Release|Any CPU.Build.0 = Release|Any CPU
		{10C30863-0F1F-4F8A-924F-FC5FD93921EA}.Debug|Any CPU.ActiveCfg = Debug|Any CPU
		{10C30863-0F1F-4F8A-924F-FC5FD93921EA}.Debug|Any CPU.Build.0 = Debug|Any CPU
		{10C30863-0F1F-4F8A-924F-FC5FD93921EA}.Release|Any CPU.ActiveCfg = Release|Any CPU
		{10C30863-0F1F-4F8A-924F-FC5FD93921EA}.Release|Any CPU.Build.0 = Release|Any CPU
		{1219FF5B-E663-4A8E-A061-D8718A073DF0}.Debug|Any CPU.ActiveCfg = Debug|Any CPU
		{1219FF5B-E663-4A8E-A061-D8718A073DF0}.Debug|Any CPU.Build.0 = Debug|Any CPU
		{1219FF5B-E663-4A8E-A061-D8718A073DF0}.Release|Any CPU.ActiveCfg = Release|Any CPU
		{1219FF5B-E663-4A8E-A061-D8718A073DF0}.Release|Any CPU.Build.0 = Release|Any CPU
		{121C5FBB-E5E1-4DB7-BC06-37A84C2A6450}.Debug|Any CPU.ActiveCfg = Debug|Any CPU
		{121C5FBB-E5E1-4DB7-BC06-37A84C2A6450}.Debug|Any CPU.Build.0 = Debug|Any CPU
		{121C5FBB-E5E1-4DB7-BC06-37A84C2A6450}.Release|Any CPU.ActiveCfg = Release|Any CPU
		{121C5FBB-E5E1-4DB7-BC06-37A84C2A6450}.Release|Any CPU.Build.0 = Release|Any CPU
	EndGlobalSection
	GlobalSection(SolutionProperties) = preSolution
		HideSolutionNode = FALSE
	EndGlobalSection
	GlobalSection(ExtensibilityGlobals) = postSolution
		SolutionGuid = {513BAC68-6ACE-4000-AF2A-A6908DDF8754}
	EndGlobalSection
EndGlobal
